// !$*UTF8*$!
{
	archiveVersion = 1;
	classes = {
	};
	objectVersion = 56;
	objects = {

/* Begin PBXBuildFile section */
		17C7404E2BBA866400D41399 /* AppDelegate.swift in Sources */ = {isa = PBXBuildFile; fileRef = 17C7404D2BBA866400D41399 /* AppDelegate.swift */; };
		17C740502BBA866400D41399 /* SceneDelegate.swift in Sources */ = {isa = PBXBuildFile; fileRef = 17C7404F2BBA866400D41399 /* SceneDelegate.swift */; };
		17C740522BBA866400D41399 /* RMTabViewController.swift in Sources */ = {isa = PBXBuildFile; fileRef = 17C740512BBA866400D41399 /* RMTabViewController.swift */; };
		17C740572BBA866D00D41399 /* Assets.xcassets in Resources */ = {isa = PBXBuildFile; fileRef = 17C740562BBA866D00D41399 /* Assets.xcassets */; };
		17C7405A2BBA866D00D41399 /* LaunchScreen.storyboard in Resources */ = {isa = PBXBuildFile; fileRef = 17C740582BBA866D00D41399 /* LaunchScreen.storyboard */; };
		17C740692BBA933600D41399 /* RMLocation.swift in Sources */ = {isa = PBXBuildFile; fileRef = 17C740682BBA933600D41399 /* RMLocation.swift */; };
		17C7406B2BBA934500D41399 /* RMCharacter.swift in Sources */ = {isa = PBXBuildFile; fileRef = 17C7406A2BBA934500D41399 /* RMCharacter.swift */; };
		17C7406D2BBA935000D41399 /* RMEpisode.swift in Sources */ = {isa = PBXBuildFile; fileRef = 17C7406C2BBA935000D41399 /* RMEpisode.swift */; };
		17C740702BBA93D900D41399 /* RMCharacterViewController.swift in Sources */ = {isa = PBXBuildFile; fileRef = 17C7406F2BBA93D900D41399 /* RMCharacterViewController.swift */; };
		17C740722BBA93EF00D41399 /* RMLocationViewController.swift in Sources */ = {isa = PBXBuildFile; fileRef = 17C740712BBA93EF00D41399 /* RMLocationViewController.swift */; };
		17C740742BBA940400D41399 /* RMEpisodeViewController.swift in Sources */ = {isa = PBXBuildFile; fileRef = 17C740732BBA940400D41399 /* RMEpisodeViewController.swift */; };
		17C740762BBA941400D41399 /* RMSettingsViewController.swift in Sources */ = {isa = PBXBuildFile; fileRef = 17C740752BBA941400D41399 /* RMSettingsViewController.swift */; };
/* End PBXBuildFile section */

/* Begin PBXFileReference section */
		17C7404A2BBA866400D41399 /* RIckAndMorty.app */ = {isa = PBXFileReference; explicitFileType = wrapper.application; includeInIndex = 0; path = RIckAndMorty.app; sourceTree = BUILT_PRODUCTS_DIR; };
		17C7404D2BBA866400D41399 /* AppDelegate.swift */ = {isa = PBXFileReference; lastKnownFileType = sourcecode.swift; path = AppDelegate.swift; sourceTree = "<group>"; };
		17C7404F2BBA866400D41399 /* SceneDelegate.swift */ = {isa = PBXFileReference; lastKnownFileType = sourcecode.swift; path = SceneDelegate.swift; sourceTree = "<group>"; };
		17C740512BBA866400D41399 /* RMTabViewController.swift */ = {isa = PBXFileReference; lastKnownFileType = sourcecode.swift; path = RMTabViewController.swift; sourceTree = "<group>"; };
		17C740562BBA866D00D41399 /* Assets.xcassets */ = {isa = PBXFileReference; lastKnownFileType = folder.assetcatalog; path = Assets.xcassets; sourceTree = "<group>"; };
		17C740592BBA866D00D41399 /* Base */ = {isa = PBXFileReference; lastKnownFileType = file.storyboard; name = Base; path = Base.lproj/LaunchScreen.storyboard; sourceTree = "<group>"; };
		17C7405B2BBA866D00D41399 /* Info.plist */ = {isa = PBXFileReference; lastKnownFileType = text.plist.xml; path = Info.plist; sourceTree = "<group>"; };
		17C740682BBA933600D41399 /* RMLocation.swift */ = {isa = PBXFileReference; lastKnownFileType = sourcecode.swift; path = RMLocation.swift; sourceTree = "<group>"; };
		17C7406A2BBA934500D41399 /* RMCharacter.swift */ = {isa = PBXFileReference; lastKnownFileType = sourcecode.swift; path = RMCharacter.swift; sourceTree = "<group>"; };
		17C7406C2BBA935000D41399 /* RMEpisode.swift */ = {isa = PBXFileReference; lastKnownFileType = sourcecode.swift; path = RMEpisode.swift; sourceTree = "<group>"; };
		17C7406F2BBA93D900D41399 /* RMCharacterViewController.swift */ = {isa = PBXFileReference; lastKnownFileType = sourcecode.swift; path = RMCharacterViewController.swift; sourceTree = "<group>"; };
		17C740712BBA93EF00D41399 /* RMLocationViewController.swift */ = {isa = PBXFileReference; lastKnownFileType = sourcecode.swift; path = RMLocationViewController.swift; sourceTree = "<group>"; };
		17C740732BBA940400D41399 /* RMEpisodeViewController.swift */ = {isa = PBXFileReference; lastKnownFileType = sourcecode.swift; path = RMEpisodeViewController.swift; sourceTree = "<group>"; };
		17C740752BBA941400D41399 /* RMSettingsViewController.swift */ = {isa = PBXFileReference; lastKnownFileType = sourcecode.swift; path = RMSettingsViewController.swift; sourceTree = "<group>"; };
/* End PBXFileReference section */

/* Begin PBXFrameworksBuildPhase section */
		17C740472BBA866400D41399 /* Frameworks */ = {
			isa = PBXFrameworksBuildPhase;
			buildActionMask = 2147483647;
			files = (
			);
			runOnlyForDeploymentPostprocessing = 0;
		};
/* End PBXFrameworksBuildPhase section */

/* Begin PBXGroup section */
		17C740412BBA866400D41399 = {
			isa = PBXGroup;
			children = (
				17C7404C2BBA866400D41399 /* RIckAndMorty */,
				17C7404B2BBA866400D41399 /* Products */,
			);
			sourceTree = "<group>";
		};
		17C7404B2BBA866400D41399 /* Products */ = {
			isa = PBXGroup;
			children = (
				17C7404A2BBA866400D41399 /* RIckAndMorty.app */,
			);
			name = Products;
			sourceTree = "<group>";
		};
		17C7404C2BBA866400D41399 /* RIckAndMorty */ = {
			isa = PBXGroup;
			children = (
				17C740672BBA8D4300D41399 /* Recources */,
				17C740662BBA8D3B00D41399 /* Managers */,
				17C740652BBA8D3300D41399 /* APIClient */,
				17C740622BBA8CE500D41399 /* ViewModels */,
				17C740632BBA8CF300D41399 /* Views */,
				17C740612BBA8CDA00D41399 /* Models */,
				17C740642BBA8D0900D41399 /* Controllers */,
				17C7405B2BBA866D00D41399 /* Info.plist */,
			);
			path = RIckAndMorty;
			sourceTree = "<group>";
		};
		17C740612BBA8CDA00D41399 /* Models */ = {
			isa = PBXGroup;
			children = (
				17C7406C2BBA935000D41399 /* RMEpisode.swift */,
				17C740682BBA933600D41399 /* RMLocation.swift */,
				17C7406A2BBA934500D41399 /* RMCharacter.swift */,
			);
			path = Models;
			sourceTree = "<group>";
		};
		17C740622BBA8CE500D41399 /* ViewModels */ = {
			isa = PBXGroup;
			children = (
			);
			path = ViewModels;
			sourceTree = "<group>";
		};
		17C740632BBA8CF300D41399 /* Views */ = {
			isa = PBXGroup;
			children = (
			);
			path = Views;
			sourceTree = "<group>";
		};
		17C740642BBA8D0900D41399 /* Controllers */ = {
			isa = PBXGroup;
			children = (
				17C7406E2BBA93AB00D41399 /* Core */,
			);
			path = Controllers;
			sourceTree = "<group>";
		};
		17C740652BBA8D3300D41399 /* APIClient */ = {
			isa = PBXGroup;
			children = (
			);
			path = APIClient;
			sourceTree = "<group>";
		};
		17C740662BBA8D3B00D41399 /* Managers */ = {
			isa = PBXGroup;
			children = (
			);
			path = Managers;
			sourceTree = "<group>";
		};
		17C740672BBA8D4300D41399 /* Recources */ = {
			isa = PBXGroup;
			children = (
				17C740562BBA866D00D41399 /* Assets.xcassets */,
				17C740582BBA866D00D41399 /* LaunchScreen.storyboard */,
				17C7404D2BBA866400D41399 /* AppDelegate.swift */,
				17C7404F2BBA866400D41399 /* SceneDelegate.swift */,
			);
			path = Recources;
			sourceTree = "<group>";
		};
		17C7406E2BBA93AB00D41399 /* Core */ = {
			isa = PBXGroup;
			children = (
				17C740512BBA866400D41399 /* RMTabViewController.swift */,
				17C7406F2BBA93D900D41399 /* RMCharacterViewController.swift */,
				17C740712BBA93EF00D41399 /* RMLocationViewController.swift */,
				17C740732BBA940400D41399 /* RMEpisodeViewController.swift */,
				17C740752BBA941400D41399 /* RMSettingsViewController.swift */,
			);
			path = Core;
			sourceTree = "<group>";
		};
/* End PBXGroup section */

/* Begin PBXNativeTarget section */
		17C740492BBA866400D41399 /* RIckAndMorty */ = {
			isa = PBXNativeTarget;
			buildConfigurationList = 17C7405E2BBA866D00D41399 /* Build configuration list for PBXNativeTarget "RIckAndMorty" */;
			buildPhases = (
				17C740462BBA866400D41399 /* Sources */,
				17C740472BBA866400D41399 /* Frameworks */,
				17C740482BBA866400D41399 /* Resources */,
			);
			buildRules = (
			);
			dependencies = (
			);
			name = RIckAndMorty;
			productName = RIckAndMorty;
			productReference = 17C7404A2BBA866400D41399 /* RIckAndMorty.app */;
			productType = "com.apple.product-type.application";
		};
/* End PBXNativeTarget section */

/* Begin PBXProject section */
		17C740422BBA866400D41399 /* Project object */ = {
			isa = PBXProject;
			attributes = {
				BuildIndependentTargetsInParallel = 1;
				LastSwiftUpdateCheck = 1420;
				LastUpgradeCheck = 1420;
				TargetAttributes = {
					17C740492BBA866400D41399 = {
						CreatedOnToolsVersion = 14.2;
					};
				};
			};
			buildConfigurationList = 17C740452BBA866400D41399 /* Build configuration list for PBXProject "RIckAndMorty" */;
			compatibilityVersion = "Xcode 14.0";
			developmentRegion = en;
			hasScannedForEncodings = 0;
			knownRegions = (
				en,
				Base,
			);
			mainGroup = 17C740412BBA866400D41399;
			productRefGroup = 17C7404B2BBA866400D41399 /* Products */;
			projectDirPath = "";
			projectRoot = "";
			targets = (
				17C740492BBA866400D41399 /* RIckAndMorty */,
			);
		};
/* End PBXProject section */

/* Begin PBXResourcesBuildPhase section */
		17C740482BBA866400D41399 /* Resources */ = {
			isa = PBXResourcesBuildPhase;
			buildActionMask = 2147483647;
			files = (
				17C7405A2BBA866D00D41399 /* LaunchScreen.storyboard in Resources */,
				17C740572BBA866D00D41399 /* Assets.xcassets in Resources */,
			);
			runOnlyForDeploymentPostprocessing = 0;
		};
/* End PBXResourcesBuildPhase section */

/* Begin PBXSourcesBuildPhase section */
		17C740462BBA866400D41399 /* Sources */ = {
			isa = PBXSourcesBuildPhase;
			buildActionMask = 2147483647;
			files = (
				17C740722BBA93EF00D41399 /* RMLocationViewController.swift in Sources */,
				17C7406D2BBA935000D41399 /* RMEpisode.swift in Sources */,
				17C740522BBA866400D41399 /* RMTabViewController.swift in Sources */,
				17C740742BBA940400D41399 /* RMEpisodeViewController.swift in Sources */,
				17C7404E2BBA866400D41399 /* AppDelegate.swift in Sources */,
				17C740502BBA866400D41399 /* SceneDelegate.swift in Sources */,
				17C740762BBA941400D41399 /* RMSettingsViewController.swift in Sources */,
				17C740692BBA933600D41399 /* RMLocation.swift in Sources */,
				17C7406B2BBA934500D41399 /* RMCharacter.swift in Sources */,
				17C740702BBA93D900D41399 /* RMCharacterViewController.swift in Sources */,
			);
			runOnlyForDeploymentPostprocessing = 0;
		};
/* End PBXSourcesBuildPhase section */

/* Begin PBXVariantGroup section */
		17C740582BBA866D00D41399 /* LaunchScreen.storyboard */ = {
			isa = PBXVariantGroup;
			children = (
				17C740592BBA866D00D41399 /* Base */,
			);
			name = LaunchScreen.storyboard;
			sourceTree = "<group>";
		};
/* End PBXVariantGroup section */

/* Begin XCBuildConfiguration section */
		17C7405C2BBA866D00D41399 /* Debug */ = {
			isa = XCBuildConfiguration;
			buildSettings = {
				ALWAYS_SEARCH_USER_PATHS = NO;
				CLANG_ANALYZER_NONNULL = YES;
				CLANG_ANALYZER_NUMBER_OBJECT_CONVERSION = YES_AGGRESSIVE;
				CLANG_CXX_LANGUAGE_STANDARD = "gnu++20";
				CLANG_ENABLE_MODULES = YES;
				CLANG_ENABLE_OBJC_ARC = YES;
				CLANG_ENABLE_OBJC_WEAK = YES;
				CLANG_WARN_BLOCK_CAPTURE_AUTORELEASING = YES;
				CLANG_WARN_BOOL_CONVERSION = YES;
				CLANG_WARN_COMMA = YES;
				CLANG_WARN_CONSTANT_CONVERSION = YES;
				CLANG_WARN_DEPRECATED_OBJC_IMPLEMENTATIONS = YES;
				CLANG_WARN_DIRECT_OBJC_ISA_USAGE = YES_ERROR;
				CLANG_WARN_DOCUMENTATION_COMMENTS = YES;
				CLANG_WARN_EMPTY_BODY = YES;
				CLANG_WARN_ENUM_CONVERSION = YES;
				CLANG_WARN_INFINITE_RECURSION = YES;
				CLANG_WARN_INT_CONVERSION = YES;
				CLANG_WARN_NON_LITERAL_NULL_CONVERSION = YES;
				CLANG_WARN_OBJC_IMPLICIT_RETAIN_SELF = YES;
				CLANG_WARN_OBJC_LITERAL_CONVERSION = YES;
				CLANG_WARN_OBJC_ROOT_CLASS = YES_ERROR;
				CLANG_WARN_QUOTED_INCLUDE_IN_FRAMEWORK_HEADER = YES;
				CLANG_WARN_RANGE_LOOP_ANALYSIS = YES;
				CLANG_WARN_STRICT_PROTOTYPES = YES;
				CLANG_WARN_SUSPICIOUS_MOVE = YES;
				CLANG_WARN_UNGUARDED_AVAILABILITY = YES_AGGRESSIVE;
				CLANG_WARN_UNREACHABLE_CODE = YES;
				CLANG_WARN__DUPLICATE_METHOD_MATCH = YES;
				COPY_PHASE_STRIP = NO;
				DEBUG_INFORMATION_FORMAT = dwarf;
				ENABLE_STRICT_OBJC_MSGSEND = YES;
				ENABLE_TESTABILITY = YES;
				GCC_C_LANGUAGE_STANDARD = gnu11;
				GCC_DYNAMIC_NO_PIC = NO;
				GCC_NO_COMMON_BLOCKS = YES;
				GCC_OPTIMIZATION_LEVEL = 0;
				GCC_PREPROCESSOR_DEFINITIONS = (
					"DEBUG=1",
					"$(inherited)",
				);
				GCC_WARN_64_TO_32_BIT_CONVERSION = YES;
				GCC_WARN_ABOUT_RETURN_TYPE = YES_ERROR;
				GCC_WARN_UNDECLARED_SELECTOR = YES;
				GCC_WARN_UNINITIALIZED_AUTOS = YES_AGGRESSIVE;
				GCC_WARN_UNUSED_FUNCTION = YES;
				GCC_WARN_UNUSED_VARIABLE = YES;
				IPHONEOS_DEPLOYMENT_TARGET = 16.2;
				MTL_ENABLE_DEBUG_INFO = INCLUDE_SOURCE;
				MTL_FAST_MATH = YES;
				ONLY_ACTIVE_ARCH = YES;
				SDKROOT = iphoneos;
				SWIFT_ACTIVE_COMPILATION_CONDITIONS = DEBUG;
				SWIFT_OPTIMIZATION_LEVEL = "-Onone";
			};
			name = Debug;
		};
		17C7405D2BBA866D00D41399 /* Release */ = {
			isa = XCBuildConfiguration;
			buildSettings = {
				ALWAYS_SEARCH_USER_PATHS = NO;
				CLANG_ANALYZER_NONNULL = YES;
				CLANG_ANALYZER_NUMBER_OBJECT_CONVERSION = YES_AGGRESSIVE;
				CLANG_CXX_LANGUAGE_STANDARD = "gnu++20";
				CLANG_ENABLE_MODULES = YES;
				CLANG_ENABLE_OBJC_ARC = YES;
				CLANG_ENABLE_OBJC_WEAK = YES;
				CLANG_WARN_BLOCK_CAPTURE_AUTORELEASING = YES;
				CLANG_WARN_BOOL_CONVERSION = YES;
				CLANG_WARN_COMMA = YES;
				CLANG_WARN_CONSTANT_CONVERSION = YES;
				CLANG_WARN_DEPRECATED_OBJC_IMPLEMENTATIONS = YES;
				CLANG_WARN_DIRECT_OBJC_ISA_USAGE = YES_ERROR;
				CLANG_WARN_DOCUMENTATION_COMMENTS = YES;
				CLANG_WARN_EMPTY_BODY = YES;
				CLANG_WARN_ENUM_CONVERSION = YES;
				CLANG_WARN_INFINITE_RECURSION = YES;
				CLANG_WARN_INT_CONVERSION = YES;
				CLANG_WARN_NON_LITERAL_NULL_CONVERSION = YES;
				CLANG_WARN_OBJC_IMPLICIT_RETAIN_SELF = YES;
				CLANG_WARN_OBJC_LITERAL_CONVERSION = YES;
				CLANG_WARN_OBJC_ROOT_CLASS = YES_ERROR;
				CLANG_WARN_QUOTED_INCLUDE_IN_FRAMEWORK_HEADER = YES;
				CLANG_WARN_RANGE_LOOP_ANALYSIS = YES;
				CLANG_WARN_STRICT_PROTOTYPES = YES;
				CLANG_WARN_SUSPICIOUS_MOVE = YES;
				CLANG_WARN_UNGUARDED_AVAILABILITY = YES_AGGRESSIVE;
				CLANG_WARN_UNREACHABLE_CODE = YES;
				CLANG_WARN__DUPLICATE_METHOD_MATCH = YES;
				COPY_PHASE_STRIP = NO;
				DEBUG_INFORMATION_FORMAT = "dwarf-with-dsym";
				ENABLE_NS_ASSERTIONS = NO;
				ENABLE_STRICT_OBJC_MSGSEND = YES;
				GCC_C_LANGUAGE_STANDARD = gnu11;
				GCC_NO_COMMON_BLOCKS = YES;
				GCC_WARN_64_TO_32_BIT_CONVERSION = YES;
				GCC_WARN_ABOUT_RETURN_TYPE = YES_ERROR;
				GCC_WARN_UNDECLARED_SELECTOR = YES;
				GCC_WARN_UNINITIALIZED_AUTOS = YES_AGGRESSIVE;
				GCC_WARN_UNUSED_FUNCTION = YES;
				GCC_WARN_UNUSED_VARIABLE = YES;
				IPHONEOS_DEPLOYMENT_TARGET = 16.2;
				MTL_ENABLE_DEBUG_INFO = NO;
				MTL_FAST_MATH = YES;
				SDKROOT = iphoneos;
				SWIFT_COMPILATION_MODE = wholemodule;
				SWIFT_OPTIMIZATION_LEVEL = "-O";
				VALIDATE_PRODUCT = YES;
			};
			name = Release;
		};
		17C7405F2BBA866D00D41399 /* Debug */ = {
			isa = XCBuildConfiguration;
			buildSettings = {
				ASSETCATALOG_COMPILER_APPICON_NAME = AppIcon;
				ASSETCATALOG_COMPILER_GLOBAL_ACCENT_COLOR_NAME = AccentColor;
				CODE_SIGN_STYLE = Automatic;
				CURRENT_PROJECT_VERSION = 1;
				GENERATE_INFOPLIST_FILE = YES;
				INFOPLIST_FILE = RIckAndMorty/Info.plist;
				INFOPLIST_KEY_UIApplicationSupportsIndirectInputEvents = YES;
				INFOPLIST_KEY_UILaunchStoryboardName = LaunchScreen;
				INFOPLIST_KEY_UISupportedInterfaceOrientations_iPad = "UIInterfaceOrientationPortrait UIInterfaceOrientationPortraitUpsideDown UIInterfaceOrientationLandscapeLeft UIInterfaceOrientationLandscapeRight";
				INFOPLIST_KEY_UISupportedInterfaceOrientations_iPhone = "UIInterfaceOrientationPortrait UIInterfaceOrientationLandscapeLeft UIInterfaceOrientationLandscapeRight";
				LD_RUNPATH_SEARCH_PATHS = (
					"$(inherited)",
					"@executable_path/Frameworks",
				);
				MARKETING_VERSION = 1.0;
				PRODUCT_BUNDLE_IDENTIFIER = com.maddi.RIckAndMorty;
				PRODUCT_NAME = "$(TARGET_NAME)";
				SWIFT_EMIT_LOC_STRINGS = YES;
				SWIFT_VERSION = 5.0;
				TARGETED_DEVICE_FAMILY = "1,2";
			};
			name = Debug;
		};
		17C740602BBA866D00D41399 /* Release */ = {
			isa = XCBuildConfiguration;
			buildSettings = {
				ASSETCATALOG_COMPILER_APPICON_NAME = AppIcon;
				ASSETCATALOG_COMPILER_GLOBAL_ACCENT_COLOR_NAME = AccentColor;
				CODE_SIGN_STYLE = Automatic;
				CURRENT_PROJECT_VERSION = 1;
				GENERATE_INFOPLIST_FILE = YES;
				INFOPLIST_FILE = RIckAndMorty/Info.plist;
				INFOPLIST_KEY_UIApplicationSupportsIndirectInputEvents = YES;
				INFOPLIST_KEY_UILaunchStoryboardName = LaunchScreen;
				INFOPLIST_KEY_UISupportedInterfaceOrientations_iPad = "UIInterfaceOrientationPortrait UIInterfaceOrientationPortraitUpsideDown UIInterfaceOrientationLandscapeLeft UIInterfaceOrientationLandscapeRight";
				INFOPLIST_KEY_UISupportedInterfaceOrientations_iPhone = "UIInterfaceOrientationPortrait UIInterfaceOrientationLandscapeLeft UIInterfaceOrientationLandscapeRight";
				LD_RUNPATH_SEARCH_PATHS = (
					"$(inherited)",
					"@executable_path/Frameworks",
				);
				MARKETING_VERSION = 1.0;
				PRODUCT_BUNDLE_IDENTIFIER = com.maddi.RIckAndMorty;
				PRODUCT_NAME = "$(TARGET_NAME)";
				SWIFT_EMIT_LOC_STRINGS = YES;
				SWIFT_VERSION = 5.0;
				TARGETED_DEVICE_FAMILY = "1,2";
			};
			name = Release;
		};
/* End XCBuildConfiguration section */

/* Begin XCConfigurationList section */
		17C740452BBA866400D41399 /* Build configuration list for PBXProject "RIckAndMorty" */ = {
			isa = XCConfigurationList;
			buildConfigurations = (
				17C7405C2BBA866D00D41399 /* Debug */,
				17C7405D2BBA866D00D41399 /* Release */,
			);
			defaultConfigurationIsVisible = 0;
			defaultConfigurationName = Release;
		};
		17C7405E2BBA866D00D41399 /* Build configuration list for PBXNativeTarget "RIckAndMorty" */ = {
			isa = XCConfigurationList;
			buildConfigurations = (
				17C7405F2BBA866D00D41399 /* Debug */,
				17C740602BBA866D00D41399 /* Release */,
			);
			defaultConfigurationIsVisible = 0;
			defaultConfigurationName = Release;
		};
/* End XCConfigurationList section */
	};
	rootObject = 17C740422BBA866400D41399 /* Project object */;
}
